{
  "version": 4,
  "terraform_version": "1.14.8",
  "serial": 373,
  "lineage": "ca6d3c4b-4926-b16c-87da-54a58ab7294f",
  "outputs": {
    "api_invoke_url": {
      "value": "https://9tv2kbxpih.execute-api.us-east-1.amazonaws.com/prod/contact",
      "type": "string"
    },
    "cloudfront_domain_name": {
      "value": "d1nopaygdbeo7v.cloudfront.net",
      "type": "string"
    },
    "dynamodb_table_name": {
      "value": "contact-form-table",
      "type": "string"
    },
    "route53_name_servers": {
      "value": [
        "ns-1802.awsdns-33.co.uk",
        "ns-488.awsdns-61.com",
        "ns-1145.awsdns-15.org",
        "ns-722.awsdns-26.net"
      ],
      "type": [
        "list",
        "string"
      ]
    },
    "s3_bucket_name": {
      "value": "20260412-aws-s3-test1",
      "type": "string"
    },
    "website_url": {
      "value": "https://kktestkk.com",
      "type": "string"
    }
  },
  "resources": [
    {
      "mode": "data",
      "type": "archive_file",
      "name": "lambda_zip",
      "provider": "provider[\"registry.terraform.io/hashicorp/archive\"]",
      "instances": [
        {
          "schema_version": 0,
          "attributes": {
            "exclude_symlink_directories": null,
            "excludes": null,
            "id": "f79459db74c42738461ae814a12f590e6f9686ed",
            "output_base64sha256": "FDIPidiSrIPv51Ey01ZolIqAiQmDfesCu3lxkb5Alnk=",
            "output_base64sha512": "dZHZgmJqUdhX9MG3g4tHQM9Uy8CazZfn1KPUNS/fsdq+WB4jCi5YZnxcM20kGBr76TztFL9V+ncOkRklYYRsmA==",
            "output_file_mode": null,
            "output_md5": "6bc8d1b11fc518d895c4e6756e3a5911",
            "output_path": "./lambda_src/lambda_function.zip",
            "output_sha": "f79459db74c42738461ae814a12f590e6f9686ed",
            "output_sha256": "14320f89d892ac83efe75132d35668948a808909837deb02bb797191be409679",
            "output_sha512": "7591d982626a51d857f4c1b7838b4740cf54cbc09acd97e7d4a3d4352fdfb1dabe581e230a2e58667c5c336d24181afbe93ced14bf55fa770e91192561846c98",
            "output_size": 1766,
            "source": [],
            "source_content": null,
            "source_content_filename": null,
            "source_dir": null,
            "source_file": "./lambda_src/lambda_function.py",
            "type": "zip"
          },
          "sensitive_attributes": [],
          "identity_schema_version": 0
        }
      ]
    },
    {
      "mode": "data",
      "type": "aws_iam_policy_document",
      "name": "lambda_assume_role",
      "provider": "provider[\"registry.terraform.io/hashicorp/aws\"]",
      "instances": [
        {
          "schema_version": 0,
          "attributes": {
            "id": "2690255455",
            "json": "{\n  \"Version\": \"2012-10-17\",\n  \"Statement\": [\n    {\n      \"Effect\": \"Allow\",\n      \"Action\": \"sts:AssumeRole\",\n      \"Principal\": {\n        \"Service\": \"lambda.amazonaws.com\"\n      }\n    }\n  ]\n}",
            "minified_json": "{\"Version\":\"2012-10-17\",\"Statement\":[{\"Effect\":\"Allow\",\"Action\":\"sts:AssumeRole\",\"Principal\":{\"Service\":\"lambda.amazonaws.com\"}}]}",
            "override_json": null,
            "override_policy_documents": null,
            "policy_id": null,
            "source_json": null,
            "source_policy_documents": null,
            "statement": [
              {
                "actions": [
                  "sts:AssumeRole"
                ],
                "condition": [],
                "effect": "Allow",
                "not_actions": [],
                "not_principals": [],
                "not_resources": [],
                "principals": [
                  {
                    "identifiers": [
                      "lambda.amazonaws.com"
                    ],
                    "type": "Service"
                  }
                ],
                "resources": [],
                "sid": ""
              }
            ],
            "version": "2012-10-17"
          },
          "sensitive_attributes": [],
          "identity_schema_version": 0
        }
      ]
    },
    {
      "mode": "data",
      "type": "aws_iam_policy_document",
      "name": "lambda_policy",
      "provider": "provider[\"registry.terraform.io/hashicorp/aws\"]",
      "instances": [
        {
          "schema_version": 0,
          "attributes": {
            "id": "2292355837",
            "json": "{\n  \"Version\": \"2012-10-17\",\n  \"Statement\": [\n    {\n      \"Sid\": \"Logs\",\n      \"Effect\": \"Allow\",\n      \"Action\": [\n        \"logs:PutLogEvents\",\n        \"logs:CreateLogStream\",\n        \"logs:CreateLogGroup\"\n      ],\n      \"Resource\": \"arn:aws:logs:us-east-1:*:*\"\n    },\n    {\n      \"Sid\": \"DynamoDBAccess\",\n      \"Effect\": \"Allow\",\n      \"Action\": [\n        \"dynamodb:Scan\",\n        \"dynamodb:PutItem\"\n      ],\n      \"Resource\": \"arn:aws:dynamodb:us-east-1:047719616654:table/contact-form-table\"\n    },\n    {\n      \"Sid\": \"SESAccess\",\n      \"Effect\": \"Allow\",\n      \"Action\": [\n        \"ses:SendRawEmail\",\n        \"ses:SendEmail\"\n      ],\n      \"Resource\": \"*\"\n    }\n  ]\n}",
            "minified_json": "{\"Version\":\"2012-10-17\",\"Statement\":[{\"Sid\":\"Logs\",\"Effect\":\"Allow\",\"Action\":[\"logs:PutLogEvents\",\"logs:CreateLogStream\",\"logs:CreateLogGroup\"],\"Resource\":\"arn:aws:logs:us-east-1:*:*\"},{\"Sid\":\"DynamoDBAccess\",\"Effect\":\"Allow\",\"Action\":[\"dynamodb:Scan\",\"dynamodb:PutItem\"],\"Resource\":\"arn:aws:dynamodb:us-east-1:047719616654:table/contact-form-table\"},{\"Sid\":\"SESAccess\",\"Effect\":\"Allow\",\"Action\":[\"ses:SendRawEmail\",\"ses:SendEmail\"],\"Resource\":\"*\"}]}",
            "override_json": null,
            "override_policy_documents": null,
            "policy_id": null,
            "source_json": null,
            "source_policy_documents": null,
            "statement": [
              {
                "actions": [
                  "logs:CreateLogGroup",
                  "logs:CreateLogStream",
                  "logs:PutLogEvents"
                ],
                "condition": [],
                "effect": "Allow",
                "not_actions": [],
                "not_principals": [],
                "not_resources": [],
                "principals": [],
                "resources": [
                  "arn:aws:logs:us-east-1:*:*"
                ],
                "sid": "Logs"
              },
              {
                "actions": [
                  "dynamodb:PutItem",
                  "dynamodb:Scan"
                ],
                "condition": [],
                "effect": "Allow",
                "not_actions": [],
                "not_principals": [],
                "not_resources": [],
                "principals": [],
                "resources": [
                  "arn:aws:dynamodb:us-east-1:047719616654:table/contact-form-table"
                ],
                "sid": "DynamoDBAccess"
              },
              {
                "actions": [
                  "ses:SendEmail",
                  "ses:SendRawEmail"
                ],
                "condition": [],
                "effect": "Allow",
                "not_actions": [],
                "not_principals": [],
                "not_resources": [],
                "principals": [],
                "resources": [
                  "*"
                ],
                "sid": "SESAccess"
              }
            ],
            "version": "2012-10-17"
          },
          "sensitive_attributes": [],
          "identity_schema_version": 0
        }
      ]
    },
    {
      "mode": "data",
      "type": "aws_iam_policy_document",
      "name": "site_bucket_policy",
      "provider": "provider[\"registry.terraform.io/hashicorp/aws\"]",
      "instances": [
        {
          "schema_version": 0,
          "attributes": {
            "id": "3467692031",
            "json": "{\n  \"Version\": \"2012-10-17\",\n  \"Statement\": [\n    {\n      \"Sid\": \"AllowCloudFrontServicePrincipalReadOnly\",\n      \"Effect\": \"Allow\",\n      \"Action\": \"s3:GetObject\",\n      \"Resource\": \"arn:aws:s3:::20260412-aws-s3-test1/*\",\n      \"Principal\": {\n        \"Service\": \"cloudfront.amazonaws.com\"\n      },\n      \"Condition\": {\n        \"StringEquals\": {\n          \"AWS:SourceArn\": \"arn:aws:cloudfront::047719616654:distribution/E35BG3YNSCMZ6F\"\n        }\n      }\n    }\n  ]\n}",
            "minified_json": "{\"Version\":\"2012-10-17\",\"Statement\":[{\"Sid\":\"AllowCloudFrontServicePrincipalReadOnly\",\"Effect\":\"Allow\",\"Action\":\"s3:GetObject\",\"Resource\":\"arn:aws:s3:::20260412-aws-s3-test1/*\",\"Principal\":{\"Service\":\"cloudfront.amazonaws.com\"},\"Condition\":{\"StringEquals\":{\"AWS:SourceArn\":\"arn:aws:cloudfront::047719616654:distribution/E35BG3YNSCMZ6F\"}}}]}",
            "override_json": null,
            "override_policy_documents": null,
            "policy_id": null,
            "source_json": null,
            "source_policy_documents": null,
            "statement": [
              {
                "actions": [
                  "s3:GetObject"
                ],
                "condition": [
                  {
                    "test": "StringEquals",
                    "values": [
                      "arn:aws:cloudfront::047719616654:distribution/E35BG3YNSCMZ6F"
                    ],
                    "variable": "AWS:SourceArn"
                  }
                ],
                "effect": "Allow",
                "not_actions": [],
                "not_principals": [],
                "not_resources": [],
                "principals": [
                  {
                    "identifiers": [
                      "cloudfront.amazonaws.com"
                    ],
                    "type": "Service"
                  }
                ],
                "resources": [
                  "arn:aws:s3:::20260412-aws-s3-test1/*"
                ],
                "sid": "AllowCloudFrontServicePrincipalReadOnly"
              }
            ],
            "version": "2012-10-17"
          },
          "sensitive_attributes": [],
          "identity_schema_version": 0
        }
      ]
    },
    {
      "mode": "data",
      "type": "aws_route53_zone",
      "name": "main",
      "provider": "provider[\"registry.terraform.io/hashicorp/aws\"]",
      "instances": [
        {
          "schema_version": 0,
          "attributes": {
            "arn": "arn:aws:route53:::hostedzone/Z00823472W8SX7THAH8K1",
            "caller_reference": "8bcda54a-1486-4a5e-b772-aba7c8cbee4d",
            "comment": "",
            "id": "Z00823472W8SX7THAH8K1",
            "linked_service_description": null,
            "linked_service_principal": null,
            "name": "kktestkk.com",
            "name_servers": [
              "ns-1802.awsdns-33.co.uk",
              "ns-488.awsdns-61.com",
              "ns-1145.awsdns-15.org",
              "ns-722.awsdns-26.net"
            ],
            "primary_name_server": "ns-1802.awsdns-33.co.uk",
            "private_zone": false,
            "resource_record_set_count": 2,
            "tags": {},
            "vpc_id": null,
            "zone_id": "Z00823472W8SX7THAH8K1"
          },
          "sensitive_attributes": [],
          "identity_schema_version": 0
        }
      ]
    },
    {
      "mode": "managed",
      "type": "aws_acm_certificate",
      "name": "site_cert",
      "provider": "provider[\"registry.terraform.io/hashicorp/aws\"]",
      "instances": [
        {
          "schema_version": 0,
          "attributes": {
            "arn": "arn:aws:acm:us-east-1:047719616654:certificate/1653e898-e4bc-410d-85ce-b689031a224c",
            "certificate_authority_arn": "",
            "certificate_body": null,
            "certificate_chain": null,
            "domain_name": "kktestkk.com",
            "domain_validation_options": [
              {
                "domain_name": "kktestkk.com",
                "resource_record_name": "_42c965bdaca38611845b001ddad5677a.kktestkk.com.",
                "resource_record_type": "CNAME",
                "resource_record_value": "_3ff1be2b709040ddf229c5fcf7ed7460.jkddzztszm.acm-validations.aws."
              }
            ],
            "early_renewal_duration": "",
            "id": "arn:aws:acm:us-east-1:047719616654:certificate/1653e898-e4bc-410d-85ce-b689031a224c",
            "key_algorithm": "RSA_2048",
            "not_after": "",
            "not_before": "",
            "options": [
              {
                "certificate_transparency_logging_preference": "ENABLED"
              }
            ],
            "pending_renewal": false,
            "private_key": null,
            "renewal_eligibility": "INELIGIBLE",
            "renewal_summary": [],
            "status": "PENDING_VALIDATION",
            "subject_alternative_names": [
              "kktestkk.com"
            ],
            "tags": {
              "Managed": "terraform",
              "Project": "contact-form"
            },
            "tags_all": {
              "Managed": "terraform",
              "Project": "contact-form"
            },
            "type": "AMAZON_ISSUED",
            "validation_emails": [],
            "validation_method": "DNS",
            "validation_option": []
          },
          "sensitive_attributes": [
            [
              {
                "type": "get_attr",
                "value": "private_key"
              }
            ]
          ],
          "identity_schema_version": 0,
          "private": "bnVsbA==",
          "create_before_destroy": true
        }
      ]
    },
    {
      "mode": "managed",
      "type": "aws_acm_certificate_validation",
      "name": "site_cert_validation",
      "provider": "provider[\"registry.terraform.io/hashicorp/aws\"]",
      "instances": [
        {
          "schema_version": 0,
          "attributes": {
            "certificate_arn": "arn:aws:acm:us-east-1:047719616654:certificate/1653e898-e4bc-410d-85ce-b689031a224c",
            "id": "2026-04-16 01:44:08.705 +0000 UTC",
            "timeouts": null,
            "validation_record_fqdns": [
              "_42c965bdaca38611845b001ddad5677a.kktestkk.com"
            ]
          },
          "sensitive_attributes": [],
          "identity_schema_version": 0,
          "private": "eyJlMmJmYjczMC1lY2FhLTExZTYtOGY4OC0zNDM2M2JjN2M0YzAiOnsiY3JlYXRlIjo0NTAwMDAwMDAwMDAwfX0=",
          "dependencies": [
            "aws_acm_certificate.site_cert",
            "aws_route53_record.site_cert_validation",
            "data.aws_route53_zone.main"
          ]
        }
      ]
    },
    {
      "mode": "managed",
      "type": "aws_api_gateway_deployment",
      "name": "contact_api_deployment",
      "provider": "provider[\"registry.terraform.io/hashicorp/aws\"]",
      "instances": [
        {
          "schema_version": 0,
          "attributes": {
            "canary_settings": [],
            "created_date": "2026-04-16T01:44:14Z",
            "description": "",
            "execution_arn": "arn:aws:execute-api:us-east-1:047719616654:9tv2kbxpih/",
            "id": "s2dzys",
            "invoke_url": "https://9tv2kbxpih.execute-api.us-east-1.amazonaws.com/",
            "rest_api_id": "9tv2kbxpih",
            "stage_description": null,
            "stage_name": null,
            "triggers": {
              "redeployment": "acc3a2a737d4a9bd6e3593329807531bb6a90b45"
            },
            "variables": null
          },
          "sensitive_attributes": [],
          "identity_schema_version": 0,
          "private": "bnVsbA==",
          "dependencies": [
            "aws_api_gateway_integration.contact_get_integration",
            "aws_api_gateway_integration.contact_options_integration",
            "aws_api_gateway_integration.contact_post_integration",
            "aws_api_gateway_method.contact_get",
            "aws_api_gateway_method.contact_options",
            "aws_api_gateway_method.contact_post",
            "aws_api_gateway_resource.contact_resource",
            "aws_api_gateway_rest_api.contact_api",
            "aws_dynamodb_table.contact_table",
            "aws_iam_role.lambda_role",
            "aws_lambda_function.contact_function",
            "data.archive_file.lambda_zip",
            "data.aws_iam_policy_document.lambda_assume_role"
          ],
          "create_before_destroy": true
        }
      ]
    },
    {
      "mode": "managed",
      "type": "aws_api_gateway_integration",
      "name": "contact_get_integration",
      "provider": "provider[\"registry.terraform.io/hashicorp/aws\"]",
      "instances": [
        {
          "schema_version": 0,
          "attributes": {
            "cache_key_parameters": null,
            "cache_namespace": "nxtyig",
            "connection_id": "",
            "connection_type": "INTERNET",
            "content_handling": "",
            "credentials": "",
            "http_method": "GET",
            "id": "agi-9tv2kbxpih-nxtyig-GET",
            "integration_http_method": "POST",
            "passthrough_behavior": "WHEN_NO_MATCH",
            "request_parameters": null,
            "request_templates": null,
            "resource_id": "nxtyig",
            "rest_api_id": "9tv2kbxpih",
            "timeout_milliseconds": 29000,
            "tls_config": [],
            "type": "AWS_PROXY",
            "uri": "arn:aws:apigateway:us-east-1:lambda:path/2015-03-31/functions/arn:aws:lambda:us-east-1:047719616654:function:contact-form-handler/invocations"
          },
          "sensitive_attributes": [],
          "identity_schema_version": 0,
          "private": "bnVsbA==",
          "dependencies": [
            "aws_api_gateway_method.contact_get",
            "aws_api_gateway_resource.contact_resource",
            "aws_api_gateway_rest_api.contact_api",
            "aws_dynamodb_table.contact_table",
            "aws_iam_role.lambda_role",
            "aws_lambda_function.contact_function",
            "data.archive_file.lambda_zip",
            "data.aws_iam_policy_document.lambda_assume_role"
          ],
          "create_before_destroy": true
        }
      ]
    },
    {
      "mode": "managed",
      "type": "aws_api_gateway_integration",
      "name": "contact_options_integration",
      "provider": "provider[\"registry.terraform.io/hashicorp/aws\"]",
      "instances": [
        {
          "schema_version": 0,
          "attributes": {
            "cache_key_parameters": null,
            "cache_namespace": "nxtyig",
            "connection_id": "",
            "connection_type": "INTERNET",
            "content_handling": "",
            "credentials": "",
            "http_method": "OPTIONS",
            "id": "agi-9tv2kbxpih-nxtyig-OPTIONS",
            "integration_http_method": "POST",
            "passthrough_behavior": "WHEN_NO_MATCH",
            "request_parameters": null,
            "request_templates": null,
            "resource_id": "nxtyig",
            "rest_api_id": "9tv2kbxpih",
            "timeout_milliseconds": 29000,
            "tls_config": [],
            "type": "AWS_PROXY",
            "uri": "arn:aws:apigateway:us-east-1:lambda:path/2015-03-31/functions/arn:aws:lambda:us-east-1:047719616654:function:contact-form-handler/invocations"
          },
          "sensitive_attributes": [],
          "identity_schema_version": 0,
          "private": "bnVsbA==",
          "dependencies": [
            "aws_api_gateway_method.contact_options",
            "aws_api_gateway_resource.contact_resource",
            "aws_api_gateway_rest_api.contact_api",
            "aws_dynamodb_table.contact_table",
            "aws_iam_role.lambda_role",
            "aws_lambda_function.contact_function",
            "data.archive_file.lambda_zip",
            "data.aws_iam_policy_document.lambda_assume_role"
          ],
          "create_before_destroy": true
        }
      ]
    },
    {
      "mode": "managed",
      "type": "aws_api_gateway_integration",
      "name": "contact_post_integration",
      "provider": "provider[\"registry.terraform.io/hashicorp/aws\"]",
      "instances": [
        {
          "schema_version": 0,
          "attributes": {
            "cache_key_parameters": null,
            "cache_namespace": "nxtyig",
            "connection_id": "",
            "connection_type": "INTERNET",
            "content_handling": "",
            "credentials": "",
            "http_method": "POST",
            "id": "agi-9tv2kbxpih-nxtyig-POST",
            "integration_http_method": "POST",
            "passthrough_behavior": "WHEN_NO_MATCH",
            "request_parameters": null,
            "request_templates": null,
            "resource_id": "nxtyig",
            "rest_api_id": "9tv2kbxpih",
            "timeout_milliseconds": 29000,
            "tls_config": [],
            "type": "AWS_PROXY",
            "uri": "arn:aws:apigateway:us-east-1:lambda:path/2015-03-31/functions/arn:aws:lambda:us-east-1:047719616654:function:contact-form-handler/invocations"
          },
          "sensitive_attributes": [],
          "identity_schema_version": 0,
          "private": "bnVsbA==",
          "dependencies": [
            "aws_api_gateway_method.contact_post",
            "aws_api_gateway_resource.contact_resource",
            "aws_api_gateway_rest_api.contact_api",
            "aws_dynamodb_table.contact_table",
            "aws_iam_role.lambda_role",
            "aws_lambda_function.contact_function",
            "data.archive_file.lambda_zip",
            "data.aws_iam_policy_document.lambda_assume_role"
          ],
          "create_before_destroy": true
        }
      ]
    },
    {
      "mode": "managed",
      "type": "aws_api_gateway_method",
      "name": "contact_get",
      "provider": "provider[\"registry.terraform.io/hashicorp/aws\"]",
      "instances": [
        {
          "schema_version": 0,
          "attributes": {
            "api_key_required": false,
            "authorization": "NONE",
            "authorization_scopes": null,
            "authorizer_id": null,
            "http_method": "GET",
            "id": "agm-9tv2kbxpih-nxtyig-GET",
            "operation_name": null,
            "request_models": null,
            "request_parameters": null,
            "request_validator_id": null,
            "resource_id": "nxtyig",
            "rest_api_id": "9tv2kbxpih"
          },
          "sensitive_attributes": [],
          "identity_schema_version": 0,
          "private": "bnVsbA==",
          "dependencies": [
            "aws_api_gateway_resource.contact_resource",
            "aws_api_gateway_rest_api.contact_api"
          ],
          "create_before_destroy": true
        }
      ]
    },
    {
      "mode": "managed",
      "type": "aws_api_gateway_method",
      "name": "contact_options",
      "provider": "provider[\"registry.terraform.io/hashicorp/aws\"]",
      "instances": [
        {
          "schema_version": 0,
          "attributes": {
            "api_key_required": false,
            "authorization": "NONE",
            "authorization_scopes": null,
            "authorizer_id": null,
            "http_method": "OPTIONS",
            "id": "agm-9tv2kbxpih-nxtyig-OPTIONS",
            "operation_name": null,
            "request_models": null,
            "request_parameters": null,
            "request_validator_id": null,
            "resource_id": "nxtyig",
            "rest_api_id": "9tv2kbxpih"
          },
          "sensitive_attributes": [],
          "identity_schema_version": 0,
          "private": "bnVsbA==",
          "dependencies": [
            "aws_api_gateway_resource.contact_resource",
            "aws_api_gateway_rest_api.contact_api"
          ],
          "create_before_destroy": true
        }
      ]
    },
    {
      "mode": "managed",
      "type": "aws_api_gateway_method",
      "name": "contact_post",
      "provider": "provider[\"registry.terraform.io/hashicorp/aws\"]",
      "instances": [
        {
          "schema_version": 0,
          "attributes": {
            "api_key_required": false,
            "authorization": "NONE",
            "authorization_scopes": null,
            "authorizer_id": null,
            "http_method": "POST",
            "id": "agm-9tv2kbxpih-nxtyig-POST",
            "operation_name": null,
            "request_models": null,
            "request_parameters": null,
            "request_validator_id": null,
            "resource_id": "nxtyig",
            "rest_api_id": "9tv2kbxpih"
          },
          "sensitive_attributes": [],
          "identity_schema_version": 0,
          "private": "bnVsbA==",
          "dependencies": [
            "aws_api_gateway_resource.contact_resource",
            "aws_api_gateway_rest_api.contact_api"
          ],
          "create_before_destroy": true
        }
      ]
    },
    {
      "mode": "managed",
      "type": "aws_api_gateway_resource",
      "name": "contact_resource",
      "provider": "provider[\"registry.terraform.io/hashicorp/aws\"]",
      "instances": [
        {
          "schema_version": 0,
          "attributes": {
            "id": "nxtyig",
            "parent_id": "p5fxv98971",
            "path": "/contact",
            "path_part": "contact",
            "rest_api_id": "9tv2kbxpih"
          },
          "sensitive_attributes": [],
          "identity_schema_version": 0,
          "private": "bnVsbA==",
          "dependencies": [
            "aws_api_gateway_rest_api.contact_api"
          ],
          "create_before_destroy": true
        }
      ]
    },
    {
      "mode": "managed",
      "type": "aws_api_gateway_rest_api",
      "name": "contact_api",
      "provider": "provider[\"registry.terraform.io/hashicorp/aws\"]",
      "instances": [
        {
          "schema_version": 0,
          "attributes": {
            "api_key_source": "HEADER",
            "arn": "arn:aws:apigateway:us-east-1::/restapis/9tv2kbxpih",
            "binary_media_types": [],
            "body": null,
            "created_date": "2026-04-16T01:43:50Z",
            "description": "",
            "disable_execute_api_endpoint": false,
            "endpoint_configuration": [
              {
                "ip_address_type": "ipv4",
                "types": [
                  "REGIONAL"
                ],
                "vpc_endpoint_ids": []
              }
            ],
            "execution_arn": "arn:aws:execute-api:us-east-1:047719616654:9tv2kbxpih",
            "fail_on_warnings": null,
            "id": "9tv2kbxpih",
            "minimum_compression_size": "",
            "name": "contact-form-api",
            "parameters": null,
            "policy": "",
            "put_rest_api_mode": null,
            "root_resource_id": "p5fxv98971",
            "tags": {
              "Managed": "terraform",
              "Project": "contact-form"
            },
            "tags_all": {
              "Managed": "terraform",
              "Project": "contact-form"
            }
          },
          "sensitive_attributes": [],
          "identity_schema_version": 0,
          "private": "bnVsbA==",
          "create_before_destroy": true
        }
      ]
    },
    {
      "mode": "managed",
      "type": "aws_api_gateway_stage",
      "name": "prod",
      "provider": "provider[\"registry.terraform.io/hashicorp/aws\"]",
      "instances": [
        {
          "schema_version": 0,
          "attributes": {
            "access_log_settings": [],
            "arn": "arn:aws:apigateway:us-east-1::/restapis/9tv2kbxpih/stages/prod",
            "cache_cluster_enabled": false,
            "cache_cluster_size": "",
            "canary_settings": [],
            "client_certificate_id": "",
            "deployment_id": "s2dzys",
            "description": "",
            "documentation_version": "",
            "execution_arn": "arn:aws:execute-api:us-east-1:047719616654:9tv2kbxpih/prod",
            "id": "ags-9tv2kbxpih-prod",
            "invoke_url": "https://9tv2kbxpih.execute-api.us-east-1.amazonaws.com/prod",
            "rest_api_id": "9tv2kbxpih",
            "stage_name": "prod",
            "tags": {
              "Managed": "terraform",
              "Project": "contact-form"
            },
            "tags_all": {
              "Managed": "terraform",
              "Project": "contact-form"
            },
            "variables": null,
            "web_acl_arn": "",
            "xray_tracing_enabled": false
          },
          "sensitive_attributes": [],
          "identity_schema_version": 0,
          "private": "bnVsbA==",
          "dependencies": [
            "aws_api_gateway_deployment.contact_api_deployment",
            "aws_api_gateway_integration.contact_get_integration",
            "aws_api_gateway_integration.contact_options_integration",
            "aws_api_gateway_integration.contact_post_integration",
            "aws_api_gateway_method.contact_get",
            "aws_api_gateway_method.contact_options",
            "aws_api_gateway_method.contact_post",
            "aws_api_gateway_resource.contact_resource",
            "aws_api_gateway_rest_api.contact_api",
            "aws_dynamodb_table.contact_table",
            "aws_iam_role.lambda_role",
            "aws_lambda_function.contact_function",
            "data.archive_file.lambda_zip",
            "data.aws_iam_policy_document.lambda_assume_role"
          ]
        }
      ]
    },
    {
      "mode": "managed",
      "type": "aws_cloudfront_distribution",
      "name": "site_distribution",
      "provider": "provider[\"registry.terraform.io/hashicorp/aws\"]",
      "instances": [
        {
          "schema_version": 1,
          "attributes": {
            "aliases": [
              "kktestkk.com"
            ],
            "arn": "arn:aws:cloudfront::047719616654:distribution/E35BG3YNSCMZ6F",
            "caller_reference": "terraform-20260416014433844900000002",
            "comment": null,
            "continuous_deployment_policy_id": "",
            "custom_error_response": [],
            "default_cache_behavior": [
              {
                "allowed_methods": [
                  "GET",
                  "HEAD",
                  "OPTIONS"
                ],
                "cache_policy_id": "",
                "cached_methods": [
                  "GET",
                  "HEAD",
                  "OPTIONS"
                ],
                "compress": true,
                "default_ttl": 0,
                "field_level_encryption_id": "",
                "forwarded_values": [
                  {
                    "cookies": [
                      {
                        "forward": "none",
                        "whitelisted_names": []
                      }
                    ],
                    "headers": [],
                    "query_string": false,
                    "query_string_cache_keys": []
                  }
                ],
                "function_association": [],
                "grpc_config": [
                  {
                    "enabled": false
                  }
                ],
                "lambda_function_association": [],
                "max_ttl": 0,
                "min_ttl": 0,
                "origin_request_policy_id": "",
                "realtime_log_config_arn": "",
                "response_headers_policy_id": "",
                "smooth_streaming": false,
                "target_origin_id": "s3-origin-20260412-aws-s3-test1",
                "trusted_key_groups": [],
                "trusted_signers": [],
                "viewer_protocol_policy": "redirect-to-https"
              }
            ],
            "default_root_object": "contact_form.html",
            "domain_name": "d1nopaygdbeo7v.cloudfront.net",
            "enabled": true,
            "etag": "E23ZP02F085DFQ",
            "hosted_zone_id": "Z2FDTNDATAQYW2",
            "http_version": "http2",
            "id": "E35BG3YNSCMZ6F",
            "in_progress_validation_batches": 0,
            "is_ipv6_enabled": false,
            "last_modified_time": "2026-04-16 01:44:31.267 +0000 UTC",
            "logging_config": [],
            "ordered_cache_behavior": [],
            "origin": [
              {
                "connection_attempts": 3,
                "connection_timeout": 10,
                "custom_header": [],
                "custom_origin_config": [],
                "domain_name": "20260412-aws-s3-test1.s3.us-east-1.amazonaws.com",
                "origin_access_control_id": "E1OA8NEL3ET3K5",
                "origin_id": "s3-origin-20260412-aws-s3-test1",
                "origin_path": "",
                "origin_shield": [],
                "s3_origin_config": [],
                "vpc_origin_config": []
              }
            ],
            "origin_group": [],
            "price_class": "PriceClass_100",
            "restrictions": [
              {
                "geo_restriction": [
                  {
                    "locations": [],
                    "restriction_type": "none"
                  }
                ]
              }
            ],
            "retain_on_delete": false,
            "staging": false,
            "status": "Deployed",
            "tags": {
              "Managed": "terraform",
              "Project": "contact-form"
            },
            "tags_all": {
              "Managed": "terraform",
              "Project": "contact-form"
            },
            "trusted_key_groups": [
              {
                "enabled": false,
                "items": []
              }
            ],
            "trusted_signers": [
              {
                "enabled": false,
                "items": []
              }
            ],
            "viewer_certificate": [
              {
                "acm_certificate_arn": "arn:aws:acm:us-east-1:047719616654:certificate/1653e898-e4bc-410d-85ce-b689031a224c",
                "cloudfront_default_certificate": false,
                "iam_certificate_id": "",
                "minimum_protocol_version": "TLSv1.2_2021",
                "ssl_support_method": "sni-only"
              }
            ],
            "wait_for_deployment": true,
            "web_acl_id": ""
          },
          "sensitive_attributes": [],
          "identity_schema_version": 0,
          "private": "eyJzY2hlbWFfdmVyc2lvbiI6IjEifQ==",
          "dependencies": [
            "aws_acm_certificate.site_cert",
            "aws_acm_certificate_validation.site_cert_validation",
            "aws_cloudfront_origin_access_control.site_oac",
            "aws_route53_record.site_cert_validation",
            "aws_s3_bucket.site_bucket",
            "data.aws_route53_zone.main"
          ]
        }
      ]
    },
    {
      "mode": "managed",
      "type": "aws_cloudfront_origin_access_control",
      "name": "site_oac",
      "provider": "provider[\"registry.terraform.io/hashicorp/aws\"]",
      "instances": [
        {
          "schema_version": 0,
          "attributes": {
            "arn": "arn:aws:cloudfront::047719616654:origin-access-control/E1OA8NEL3ET3K5",
            "description": "OAC for S3 static website bucket",
            "etag": "ETVPDKIKX0DER",
            "id": "E1OA8NEL3ET3K5",
            "name": "contact-form-oac",
            "origin_access_control_origin_type": "s3",
            "signing_behavior": "always",
            "signing_protocol": "sigv4"
          },
          "sensitive_attributes": [],
          "identity_schema_version": 0,
          "private": "bnVsbA=="
        }
      ]
    },
    {
      "mode": "managed",
      "type": "aws_dynamodb_table",
      "name": "contact_table",
      "provider": "provider[\"registry.terraform.io/hashicorp/aws\"]",
      "instances": [
        {
          "schema_version": 1,
          "attributes": {
            "arn": "arn:aws:dynamodb:us-east-1:047719616654:table/contact-form-table",
            "attribute": [
              {
                "name": "id",
                "type": "S"
              }
            ],
            "billing_mode": "PAY_PER_REQUEST",
            "deletion_protection_enabled": false,
            "global_secondary_index": [],
            "hash_key": "id",
            "id": "contact-form-table",
            "import_table": [],
            "local_secondary_index": [],
            "name": "contact-form-table",
            "on_demand_throughput": [],
            "point_in_time_recovery": [
              {
                "enabled": false,
                "recovery_period_in_days": 0
              }
            ],
            "range_key": null,
            "read_capacity": 0,
            "replica": [],
            "restore_date_time": null,
            "restore_source_name": null,
            "restore_source_table_arn": null,
            "restore_to_latest_time": null,
            "server_side_encryption": [],
            "stream_arn": "",
            "stream_enabled": false,
            "stream_label": "",
            "stream_view_type": "",
            "table_class": "STANDARD",
            "tags": {
              "Managed": "terraform",
              "Project": "contact-form"
            },
            "tags_all": {
              "Managed": "terraform",
              "Project": "contact-form"
            },
            "timeouts": null,
            "ttl": [
              {
                "attribute_name": "",
                "enabled": false
              }
            ],
            "write_capacity": 0
          },
          "sensitive_attributes": [],
          "identity_schema_version": 0,
          "private": "eyJlMmJmYjczMC1lY2FhLTExZTYtOGY4OC0zNDM2M2JjN2M0YzAiOnsiY3JlYXRlIjoxODAwMDAwMDAwMDAwLCJkZWxldGUiOjYwMDAwMDAwMDAwMCwidXBkYXRlIjozNjAwMDAwMDAwMDAwfSwic2NoZW1hX3ZlcnNpb24iOiIxIn0=",
          "create_before_destroy": true
        }
      ]
    },
    {
      "mode": "managed",
      "type": "aws_iam_role",
      "name": "lambda_role",
      "provider": "provider[\"registry.terraform.io/hashicorp/aws\"]",
      "instances": [
        {
          "schema_version": 0,
          "attributes": {
            "arn": "arn:aws:iam::047719616654:role/contact-form-lambda-role",
            "assume_role_policy": "{\"Statement\":[{\"Action\":\"sts:AssumeRole\",\"Effect\":\"Allow\",\"Principal\":{\"Service\":\"lambda.amazonaws.com\"}}],\"Version\":\"2012-10-17\"}",
            "create_date": "2026-04-16T01:43:50Z",
            "description": "",
            "force_detach_policies": false,
            "id": "contact-form-lambda-role",
            "inline_policy": [],
            "managed_policy_arns": [],
            "max_session_duration": 3600,
            "name": "contact-form-lambda-role",
            "name_prefix": "",
            "path": "/",
            "permissions_boundary": "",
            "tags": {
              "Managed": "terraform",
              "Project": "contact-form"
            },
            "tags_all": {
              "Managed": "terraform",
              "Project": "contact-form"
            },
            "unique_id": "AROAQWHCPSCHCEROEC7KE"
          },
          "sensitive_attributes": [],
          "identity_schema_version": 0,
          "private": "bnVsbA==",
          "dependencies": [
            "data.aws_iam_policy_document.lambda_assume_role"
          ],
          "create_before_destroy": true
        }
      ]
    },
    {
      "mode": "managed",
      "type": "aws_iam_role_policy",
      "name": "lambda_policy",
      "provider": "provider[\"registry.terraform.io/hashicorp/aws\"]",
      "instances": [
        {
          "schema_version": 0,
          "attributes": {
            "id": "contact-form-lambda-role:contact-form-lambda-policy",
            "name": "contact-form-lambda-policy",
            "name_prefix": "",
            "policy": "{\"Version\":\"2012-10-17\",\"Statement\":[{\"Action\":[\"logs:PutLogEvents\",\"logs:CreateLogStream\",\"logs:CreateLogGroup\"],\"Effect\":\"Allow\",\"Resource\":\"arn:aws:logs:us-east-1:*:*\",\"Sid\":\"Logs\"},{\"Action\":[\"dynamodb:Scan\",\"dynamodb:PutItem\"],\"Effect\":\"Allow\",\"Resource\":\"arn:aws:dynamodb:us-east-1:047719616654:table/contact-form-table\",\"Sid\":\"DynamoDBAccess\"},{\"Action\":[\"ses:SendRawEmail\",\"ses:SendEmail\"],\"Effect\":\"Allow\",\"Resource\":\"*\",\"Sid\":\"SESAccess\"}]}",
            "role": "contact-form-lambda-role"
          },
          "sensitive_attributes": [],
          "identity_schema_version": 0,
          "private": "bnVsbA==",
          "dependencies": [
            "aws_dynamodb_table.contact_table",
            "aws_iam_role.lambda_role",
            "data.aws_iam_policy_document.lambda_assume_role",
            "data.aws_iam_policy_document.lambda_policy"
          ]
        }
      ]
    },
    {
      "mode": "managed",
      "type": "aws_lambda_function",
      "name": "contact_function",
      "provider": "provider[\"registry.terraform.io/hashicorp/aws\"]",
      "instances": [
        {
          "schema_version": 0,
          "attributes": {
            "architectures": [
              "x86_64"
            ],
            "arn": "arn:aws:lambda:us-east-1:047719616654:function:contact-form-handler",
            "code_sha256": "FDIPidiSrIPv51Ey01ZolIqAiQmDfesCu3lxkb5Alnk=",
            "code_signing_config_arn": "",
            "dead_letter_config": [],
            "description": "",
            "environment": [
              {
                "variables": {
                  "OPERATOR_EMAIL": "kazuhiro19851013@hotmail.com",
                  "SES_FROM_EMAIL": "2026awstest@gmail.com",
                  "TABLE_NAME": "contact-form-table"
                }
              }
            ],
            "ephemeral_storage": [
              {
                "size": 512
              }
            ],
            "file_system_config": [],
            "filename": "./lambda_src/lambda_function.zip",
            "function_name": "contact-form-handler",
            "handler": "lambda_function.lambda_handler",
            "id": "contact-form-handler",
            "image_config": [],
            "image_uri": "",
            "invoke_arn": "arn:aws:apigateway:us-east-1:lambda:path/2015-03-31/functions/arn:aws:lambda:us-east-1:047719616654:function:contact-form-handler/invocations",
            "kms_key_arn": "",
            "last_modified": "2026-04-16T01:44:07.001+0000",
            "layers": null,
            "logging_config": [
              {
                "application_log_level": "",
                "log_format": "Text",
                "log_group": "/aws/lambda/contact-form-handler",
                "system_log_level": ""
              }
            ],
            "memory_size": 128,
            "package_type": "Zip",
            "publish": false,
            "qualified_arn": "arn:aws:lambda:us-east-1:047719616654:function:contact-form-handler:$LATEST",
            "qualified_invoke_arn": "arn:aws:apigateway:us-east-1:lambda:path/2015-03-31/functions/arn:aws:lambda:us-east-1:047719616654:function:contact-form-handler:$LATEST/invocations",
            "replace_security_groups_on_destroy": null,
            "replacement_security_group_ids": null,
            "reserved_concurrent_executions": -1,
            "role": "arn:aws:iam::047719616654:role/contact-form-lambda-role",
            "runtime": "python3.12",
            "s3_bucket": null,
            "s3_key": null,
            "s3_object_version": null,
            "signing_job_arn": "",
            "signing_profile_version_arn": "",
            "skip_destroy": false,
            "snap_start": [],
            "source_code_hash": "FDIPidiSrIPv51Ey01ZolIqAiQmDfesCu3lxkb5Alnk=",
            "source_code_size": 1766,
            "tags": {
              "Managed": "terraform",
              "Project": "contact-form"
            },
            "tags_all": {
              "Managed": "terraform",
              "Project": "contact-form"
            },
            "timeout": 10,
            "timeouts": null,
            "tracing_config": [
              {
                "mode": "PassThrough"
              }
            ],
            "version": "$LATEST",
            "vpc_config": []
          },
          "sensitive_attributes": [],
          "identity_schema_version": 0,
          "private": "eyJlMmJmYjczMC1lY2FhLTExZTYtOGY4OC0zNDM2M2JjN2M0YzAiOnsiY3JlYXRlIjo2MDAwMDAwMDAwMDAsImRlbGV0ZSI6NjAwMDAwMDAwMDAwLCJ1cGRhdGUiOjYwMDAwMDAwMDAwMH19",
          "dependencies": [
            "aws_dynamodb_table.contact_table",
            "aws_iam_role.lambda_role",
            "data.archive_file.lambda_zip",
            "data.aws_iam_policy_document.lambda_assume_role"
          ],
          "create_before_destroy": true
        }
      ]
    },
    {
      "mode": "managed",
      "type": "aws_lambda_permission",
      "name": "allow_apigw",
      "provider": "provider[\"registry.terraform.io/hashicorp/aws\"]",
      "instances": [
        {
          "schema_version": 0,
          "attributes": {
            "action": "lambda:InvokeFunction",
            "event_source_token": null,
            "function_name": "contact-form-handler",
            "function_url_auth_type": null,
            "id": "AllowExecutionFromAPIGateway",
            "principal": "apigateway.amazonaws.com",
            "principal_org_id": null,
            "qualifier": "",
            "source_account": null,
            "source_arn": "arn:aws:execute-api:us-east-1:047719616654:9tv2kbxpih/*/*",
            "statement_id": "AllowExecutionFromAPIGateway",
            "statement_id_prefix": ""
          },
          "sensitive_attributes": [],
          "identity_schema_version": 0,
          "private": "bnVsbA==",
          "dependencies": [
            "aws_api_gateway_rest_api.contact_api",
            "aws_dynamodb_table.contact_table",
            "aws_iam_role.lambda_role",
            "aws_lambda_function.contact_function",
            "data.archive_file.lambda_zip",
            "data.aws_iam_policy_document.lambda_assume_role"
          ]
        }
      ]
    },
    {
      "mode": "managed",
      "type": "aws_route53_record",
      "name": "site_alias",
      "provider": "provider[\"registry.terraform.io/hashicorp/aws\"]",
      "instances": [
        {
          "schema_version": 2,
          "attributes": {
            "alias": [
              {
                "evaluate_target_health": false,
                "name": "d1nopaygdbeo7v.cloudfront.net",
                "zone_id": "Z2FDTNDATAQYW2"
              }
            ],
            "allow_overwrite": null,
            "cidr_routing_policy": [],
            "failover_routing_policy": [],
            "fqdn": "kktestkk.com",
            "geolocation_routing_policy": [],
            "geoproximity_routing_policy": [],
            "health_check_id": "",
            "id": "Z00823472W8SX7THAH8K1_kktestkk.com_A",
            "latency_routing_policy": [],
            "multivalue_answer_routing_policy": false,
            "name": "kktestkk.com",
            "records": null,
            "set_identifier": "",
            "timeouts": null,
            "ttl": 0,
            "type": "A",
            "weighted_routing_policy": [],
            "zone_id": "Z00823472W8SX7THAH8K1"
          },
          "sensitive_attributes": [],
          "identity_schema_version": 0,
          "private": "eyJlMmJmYjczMC1lY2FhLTExZTYtOGY4OC0zNDM2M2JjN2M0YzAiOnsiY3JlYXRlIjoxODAwMDAwMDAwMDAwLCJkZWxldGUiOjE4MDAwMDAwMDAwMDAsInVwZGF0ZSI6MTgwMDAwMDAwMDAwMH0sInNjaGVtYV92ZXJzaW9uIjoiMiJ9",
          "dependencies": [
            "aws_acm_certificate.site_cert",
            "aws_acm_certificate_validation.site_cert_validation",
            "aws_cloudfront_distribution.site_distribution",
            "aws_cloudfront_origin_access_control.site_oac",
            "aws_route53_record.site_cert_validation",
            "aws_s3_bucket.site_bucket",
            "data.aws_route53_zone.main"
          ]
        }
      ]
    },
    {
      "mode": "managed",
      "type": "aws_route53_record",
      "name": "site_cert_validation",
      "provider": "provider[\"registry.terraform.io/hashicorp/aws\"]",
      "instances": [
        {
          "index_key": "kktestkk.com",
          "schema_version": 2,
          "attributes": {
            "alias": [],
            "allow_overwrite": null,
            "cidr_routing_policy": [],
            "failover_routing_policy": [],
            "fqdn": "_42c965bdaca38611845b001ddad5677a.kktestkk.com",
            "geolocation_routing_policy": [],
            "geoproximity_routing_policy": [],
            "health_check_id": "",
            "id": "Z00823472W8SX7THAH8K1__42c965bdaca38611845b001ddad5677a.kktestkk.com._CNAME",
            "latency_routing_policy": [],
            "multivalue_answer_routing_policy": false,
            "name": "_42c965bdaca38611845b001ddad5677a.kktestkk.com",
            "records": [
              "_3ff1be2b709040ddf229c5fcf7ed7460.jkddzztszm.acm-validations.aws."
            ],
            "set_identifier": "",
            "timeouts": null,
            "ttl": 60,
            "type": "CNAME",
            "weighted_routing_policy": [],
            "zone_id": "Z00823472W8SX7THAH8K1"
          },
          "sensitive_attributes": [],
          "identity_schema_version": 0,
          "private": "eyJlMmJmYjczMC1lY2FhLTExZTYtOGY4OC0zNDM2M2JjN2M0YzAiOnsiY3JlYXRlIjoxODAwMDAwMDAwMDAwLCJkZWxldGUiOjE4MDAwMDAwMDAwMDAsInVwZGF0ZSI6MTgwMDAwMDAwMDAwMH0sInNjaGVtYV92ZXJzaW9uIjoiMiJ9",
          "dependencies": [
            "aws_acm_certificate.site_cert",
            "data.aws_route53_zone.main"
          ]
        }
      ]
    },
    {
      "mode": "managed",
      "type": "aws_s3_bucket",
      "name": "site_bucket",
      "provider": "provider[\"registry.terraform.io/hashicorp/aws\"]",
      "instances": [
        {
          "schema_version": 0,
          "attributes": {
            "acceleration_status": "",
            "acl": null,
            "arn": "arn:aws:s3:::20260412-aws-s3-test1",
            "bucket": "20260412-aws-s3-test1",
            "bucket_domain_name": "20260412-aws-s3-test1.s3.amazonaws.com",
            "bucket_prefix": "",
            "bucket_regional_domain_name": "20260412-aws-s3-test1.s3.us-east-1.amazonaws.com",
            "cors_rule": [],
            "force_destroy": true,
            "grant": [
              {
                "id": "caf1cdb5f85fb9ac0cd46a6b14123783319774f72f5843b5e72d5fd80feaedb7",
                "permissions": [
                  "FULL_CONTROL"
                ],
                "type": "CanonicalUser",
                "uri": ""
              }
            ],
            "hosted_zone_id": "Z3AQBSTGFYJSTF",
            "id": "20260412-aws-s3-test1",
            "lifecycle_rule": [],
            "logging": [],
            "object_lock_configuration": [],
            "object_lock_enabled": false,
            "policy": "",
            "region": "us-east-1",
            "replication_configuration": [],
            "request_payer": "BucketOwner",
            "server_side_encryption_configuration": [
              {
                "rule": [
                  {
                    "apply_server_side_encryption_by_default": [
                      {
                        "kms_master_key_id": "",
                        "sse_algorithm": "AES256"
                      }
                    ],
                    "bucket_key_enabled": false
                  }
                ]
              }
            ],
            "tags": {
              "Managed": "terraform",
              "Project": "contact-form"
            },
            "tags_all": {
              "Managed": "terraform",
              "Project": "contact-form"
            },
            "timeouts": null,
            "versioning": [
              {
                "enabled": false,
                "mfa_delete": false
              }
            ],
            "website": [],
            "website_domain": null,
            "website_endpoint": null
          },
          "sensitive_attributes": [],
          "identity_schema_version": 0,
          "private": "eyJlMmJmYjczMC1lY2FhLTExZTYtOGY4OC0zNDM2M2JjN2M0YzAiOnsiY3JlYXRlIjoxMjAwMDAwMDAwMDAwLCJkZWxldGUiOjM2MDAwMDAwMDAwMDAsInJlYWQiOjEyMDAwMDAwMDAwMDAsInVwZGF0ZSI6MTIwMDAwMDAwMDAwMH19"
        }
      ]
    },
    {
      "mode": "managed",
      "type": "aws_s3_bucket_policy",
      "name": "site_bucket_policy",
      "provider": "provider[\"registry.terraform.io/hashicorp/aws\"]",
      "instances": [
        {
          "schema_version": 0,
          "attributes": {
            "bucket": "20260412-aws-s3-test1",
            "id": "20260412-aws-s3-test1",
            "policy": "{\"Statement\":[{\"Action\":\"s3:GetObject\",\"Condition\":{\"StringEquals\":{\"AWS:SourceArn\":\"arn:aws:cloudfront::047719616654:distribution/E35BG3YNSCMZ6F\"}},\"Effect\":\"Allow\",\"Principal\":{\"Service\":\"cloudfront.amazonaws.com\"},\"Resource\":\"arn:aws:s3:::20260412-aws-s3-test1/*\",\"Sid\":\"AllowCloudFrontServicePrincipalReadOnly\"}],\"Version\":\"2012-10-17\"}"
          },
          "sensitive_attributes": [],
          "identity_schema_version": 0,
          "private": "bnVsbA==",
          "dependencies": [
            "aws_acm_certificate.site_cert",
            "aws_acm_certificate_validation.site_cert_validation",
            "aws_cloudfront_distribution.site_distribution",
            "aws_cloudfront_origin_access_control.site_oac",
            "aws_route53_record.site_cert_validation",
            "aws_s3_bucket.site_bucket",
            "data.aws_iam_policy_document.site_bucket_policy",
            "data.aws_route53_zone.main"
          ]
        }
      ]
    },
    {
      "mode": "managed",
      "type": "aws_s3_bucket_public_access_block",
      "name": "site_bucket_pab",
      "provider": "provider[\"registry.terraform.io/hashicorp/aws\"]",
      "instances": [
        {
          "schema_version": 0,
          "attributes": {
            "block_public_acls": true,
            "block_public_policy": true,
            "bucket": "20260412-aws-s3-test1",
            "id": "20260412-aws-s3-test1",
            "ignore_public_acls": true,
            "restrict_public_buckets": true
          },
          "sensitive_attributes": [],
          "identity_schema_version": 0,
          "private": "bnVsbA==",
          "dependencies": [
            "aws_s3_bucket.site_bucket"
          ]
        }
      ]
    },
    {
      "mode": "managed",
      "type": "aws_s3_bucket_server_side_encryption_configuration",
      "name": "site_bucket_sse",
      "provider": "provider[\"registry.terraform.io/hashicorp/aws\"]",
      "instances": [
        {
          "schema_version": 0,
          "attributes": {
            "bucket": "20260412-aws-s3-test1",
            "expected_bucket_owner": "",
            "id": "20260412-aws-s3-test1",
            "rule": [
              {
                "apply_server_side_encryption_by_default": [
                  {
                    "kms_master_key_id": "",
                    "sse_algorithm": "AES256"
                  }
                ],
                "bucket_key_enabled": null
              }
            ]
          },
          "sensitive_attributes": [],
          "identity_schema_version": 0,
          "private": "bnVsbA==",
          "dependencies": [
            "aws_s3_bucket.site_bucket"
          ]
        }
      ]
    },
    {
      "mode": "managed",
      "type": "aws_s3_bucket_versioning",
      "name": "site_bucket_versioning",
      "provider": "provider[\"registry.terraform.io/hashicorp/aws\"]",
      "instances": [
        {
          "schema_version": 0,
          "attributes": {
            "bucket": "20260412-aws-s3-test1",
            "expected_bucket_owner": "",
            "id": "20260412-aws-s3-test1",
            "mfa": null,
            "versioning_configuration": [
              {
                "mfa_delete": "",
                "status": "Enabled"
              }
            ]
          },
          "sensitive_attributes": [],
          "identity_schema_version": 0,
          "private": "bnVsbA==",
          "dependencies": [
            "aws_s3_bucket.site_bucket"
          ]
        }
      ]
    },
    {
      "mode": "managed",
      "type": "aws_s3_object",
      "name": "admin_html",
      "provider": "provider[\"registry.terraform.io/hashicorp/aws\"]",
      "instances": [
        {
          "schema_version": 0,
          "attributes": {
            "acl": null,
            "arn": "arn:aws:s3:::20260412-aws-s3-test1/admin.html",
            "bucket": "20260412-aws-s3-test1",
            "bucket_key_enabled": false,
            "cache_control": "",
            "checksum_algorithm": null,
            "checksum_crc32": "",
            "checksum_crc32c": "",
            "checksum_crc64nvme": "",
            "checksum_sha1": "",
            "checksum_sha256": "",
            "content": "\u003c!DOCTYPE html\u003e\r\n\u003chtml lang=\"ja\"\u003e\r\n\u003chead\u003e\r\n  \u003cmeta charset=\"UTF-8\"\u003e\r\n  \u003cmeta name=\"viewport\" content=\"width=device-width, initial-scale=1.0\"\u003e\r\n  \u003ctitle\u003e管理画面 - お問い合わせ一覧\u003c/title\u003e\r\n  \u003clink href=\"https://fonts.googleapis.com/css2?family=IBM+Plex+Mono:wght@400;500\u0026family=Noto+Sans+JP:wght@400;500\u0026display=swap\" rel=\"stylesheet\"\u003e\r\n  \u003cstyle\u003e\r\n    :root {\r\n      --bg: #0f0f0f;\r\n      --surface: #181818;\r\n      --border: #2a2a2a;\r\n      --border-light: #333;\r\n      --text: #e8e8e8;\r\n      --text-muted: #666;\r\n      --text-dim: #444;\r\n      --accent: #c8f55a;\r\n      --accent-dim: rgba(200, 245, 90, 0.12);\r\n      --danger: #ff5f5f;\r\n      --mono: 'IBM Plex Mono', monospace;\r\n      --sans: 'Noto Sans JP', sans-serif;\r\n    }\r\n    * { box-sizing: border-box; margin: 0; padding: 0; }\r\n    body {\r\n      background: var(--bg);\r\n      color: var(--text);\r\n      font-family: var(--sans);\r\n      min-height: 100vh;\r\n    }\r\n\r\n    /* Header */\r\n    header {\r\n      border-bottom: 1px solid var(--border);\r\n      padding: 0 2rem;\r\n      height: 56px;\r\n      display: flex;\r\n      align-items: center;\r\n      justify-content: space-between;\r\n      position: sticky;\r\n      top: 0;\r\n      background: var(--bg);\r\n      z-index: 100;\r\n    }\r\n    .logo {\r\n      font-family: var(--mono);\r\n      font-size: 13px;\r\n      color: var(--accent);\r\n      letter-spacing: 0.05em;\r\n    }\r\n    .header-right {\r\n      display: flex;\r\n      align-items: center;\r\n      gap: 1rem;\r\n    }\r\n    .status-dot {\r\n      width: 6px; height: 6px;\r\n      border-radius: 50%;\r\n      background: var(--accent);\r\n      animation: pulse 2s infinite;\r\n    }\r\n    @keyframes pulse {\r\n      0%, 100% { opacity: 1; }\r\n      50% { opacity: 0.3; }\r\n    }\r\n    .status-text {\r\n      font-family: var(--mono);\r\n      font-size: 11px;\r\n      color: var(--text-muted);\r\n    }\r\n\r\n    /* Login */\r\n    #login-screen {\r\n      display: flex;\r\n      align-items: center;\r\n      justify-content: center;\r\n      min-height: calc(100vh - 56px);\r\n      padding: 2rem;\r\n    }\r\n    .login-card {\r\n      background: var(--surface);\r\n      border: 1px solid var(--border);\r\n      border-radius: 4px;\r\n      padding: 2.5rem;\r\n      width: 100%;\r\n      max-width: 360px;\r\n    }\r\n    .login-card h2 {\r\n      font-family: var(--mono);\r\n      font-size: 14px;\r\n      font-weight: 500;\r\n      color: var(--accent);\r\n      margin-bottom: 0.5rem;\r\n      letter-spacing: 0.05em;\r\n    }\r\n    .login-card p {\r\n      font-size: 13px;\r\n      color: var(--text-muted);\r\n      margin-bottom: 2rem;\r\n    }\r\n    .field { margin-bottom: 1rem; }\r\n    .field label {\r\n      display: block;\r\n      font-family: var(--mono);\r\n      font-size: 11px;\r\n      color: var(--text-muted);\r\n      margin-bottom: 6px;\r\n      letter-spacing: 0.08em;\r\n      text-transform: uppercase;\r\n    }\r\n    .field input {\r\n      width: 100%;\r\n      background: var(--bg);\r\n      border: 1px solid var(--border-light);\r\n      border-radius: 2px;\r\n      padding: 9px 12px;\r\n      font-size: 13px;\r\n      color: var(--text);\r\n      font-family: var(--mono);\r\n      outline: none;\r\n      transition: border-color 0.15s;\r\n    }\r\n    .field input:focus { border-color: var(--accent); }\r\n    .btn-login {\r\n      width: 100%;\r\n      padding: 10px;\r\n      background: var(--accent);\r\n      border: none;\r\n      border-radius: 2px;\r\n      font-family: var(--mono);\r\n      font-size: 13px;\r\n      font-weight: 500;\r\n      color: #0f0f0f;\r\n      cursor: pointer;\r\n      margin-top: 0.5rem;\r\n      transition: opacity 0.15s;\r\n      letter-spacing: 0.05em;\r\n    }\r\n    .btn-login:hover { opacity: 0.85; }\r\n    .login-error {\r\n      display: none;\r\n      font-size: 12px;\r\n      color: var(--danger);\r\n      margin-top: 0.75rem;\r\n      font-family: var(--mono);\r\n    }\r\n\r\n    /* Dashboard */\r\n    #dashboard { display: none; }\r\n    .container { padding: 2rem; max-width: 1200px; margin: 0 auto; }\r\n\r\n    /* Stats */\r\n    .stats {\r\n      display: grid;\r\n      grid-template-columns: repeat(3, 1fr);\r\n      gap: 1px;\r\n      background: var(--border);\r\n      border: 1px solid var(--border);\r\n      border-radius: 4px;\r\n      overflow: hidden;\r\n      margin-bottom: 2rem;\r\n    }\r\n    .stat {\r\n      background: var(--surface);\r\n      padding: 1.25rem 1.5rem;\r\n    }\r\n    .stat-label {\r\n      font-family: var(--mono);\r\n      font-size: 10px;\r\n      color: var(--text-muted);\r\n      letter-spacing: 0.1em;\r\n      text-transform: uppercase;\r\n      margin-bottom: 0.5rem;\r\n    }\r\n    .stat-value {\r\n      font-family: var(--mono);\r\n      font-size: 28px;\r\n      font-weight: 500;\r\n      color: var(--accent);\r\n    }\r\n\r\n    /* Toolbar */\r\n    .toolbar {\r\n      display: flex;\r\n      align-items: center;\r\n      justify-content: space-between;\r\n      margin-bottom: 1rem;\r\n      gap: 1rem;\r\n    }\r\n    .toolbar-left {\r\n      display: flex;\r\n      align-items: center;\r\n      gap: 0.75rem;\r\n    }\r\n    .section-title {\r\n      font-family: var(--mono);\r\n      font-size: 12px;\r\n      color: var(--text-muted);\r\n      letter-spacing: 0.08em;\r\n      text-transform: uppercase;\r\n    }\r\n    .search-input {\r\n      background: var(--surface);\r\n      border: 1px solid var(--border-light);\r\n      border-radius: 2px;\r\n      padding: 7px 12px;\r\n      font-size: 13px;\r\n      color: var(--text);\r\n      font-family: var(--mono);\r\n      outline: none;\r\n      width: 220px;\r\n      transition: border-color 0.15s;\r\n    }\r\n    .search-input:focus { border-color: var(--accent); }\r\n    .search-input::placeholder { color: var(--text-dim); }\r\n    .btn-refresh {\r\n      background: transparent;\r\n      border: 1px solid var(--border-light);\r\n      border-radius: 2px;\r\n      padding: 7px 14px;\r\n      font-family: var(--mono);\r\n      font-size: 11px;\r\n      color: var(--text-muted);\r\n      cursor: pointer;\r\n      letter-spacing: 0.05em;\r\n      transition: all 0.15s;\r\n    }\r\n    .btn-refresh:hover {\r\n      border-color: var(--accent);\r\n      color: var(--accent);\r\n    }\r\n\r\n    /* Table */\r\n    .table-wrap {\r\n      border: 1px solid var(--border);\r\n      border-radius: 4px;\r\n      overflow: hidden;\r\n    }\r\n    table {\r\n      width: 100%;\r\n      border-collapse: collapse;\r\n      font-size: 13px;\r\n    }\r\n    thead {\r\n      background: var(--surface);\r\n      border-bottom: 1px solid var(--border);\r\n    }\r\n    th {\r\n      font-family: var(--mono);\r\n      font-size: 10px;\r\n      font-weight: 500;\r\n      color: var(--text-muted);\r\n      letter-spacing: 0.1em;\r\n      text-transform: uppercase;\r\n      padding: 12px 16px;\r\n      text-align: left;\r\n      white-space: nowrap;\r\n    }\r\n    tbody tr {\r\n      border-bottom: 1px solid var(--border);\r\n      transition: background 0.1s;\r\n      cursor: pointer;\r\n    }\r\n    tbody tr:last-child { border-bottom: none; }\r\n    tbody tr:hover { background: var(--surface); }\r\n    td {\r\n      padding: 14px 16px;\r\n      color: var(--text);\r\n      vertical-align: top;\r\n    }\r\n    .td-id {\r\n      font-family: var(--mono);\r\n      font-size: 11px;\r\n      color: var(--text-dim);\r\n      max-width: 80px;\r\n      overflow: hidden;\r\n      text-overflow: ellipsis;\r\n      white-space: nowrap;\r\n    }\r\n    .td-name { font-weight: 500; white-space: nowrap; }\r\n    .td-email {\r\n      font-family: var(--mono);\r\n      font-size: 12px;\r\n      color: var(--accent);\r\n    }\r\n    .td-subject {\r\n      max-width: 180px;\r\n      overflow: hidden;\r\n      text-overflow: ellipsis;\r\n      white-space: nowrap;\r\n      color: var(--text-muted);\r\n    }\r\n    .td-message {\r\n      max-width: 240px;\r\n      overflow: hidden;\r\n      text-overflow: ellipsis;\r\n      white-space: nowrap;\r\n      color: var(--text-muted);\r\n      font-size: 12px;\r\n    }\r\n    .td-time {\r\n      font-family: var(--mono);\r\n      font-size: 11px;\r\n      color: var(--text-dim);\r\n      white-space: nowrap;\r\n    }\r\n\r\n    /* Empty / Loading */\r\n    .empty-row td {\r\n      text-align: center;\r\n      padding: 3rem;\r\n      color: var(--text-muted);\r\n      font-family: var(--mono);\r\n      font-size: 12px;\r\n    }\r\n\r\n    /* Modal */\r\n    .modal-overlay {\r\n      display: none;\r\n      position: fixed;\r\n      inset: 0;\r\n      background: rgba(0,0,0,0.75);\r\n      z-index: 200;\r\n      align-items: center;\r\n      justify-content: center;\r\n      padding: 2rem;\r\n    }\r\n    .modal-overlay.open { display: flex; }\r\n    .modal {\r\n      background: var(--surface);\r\n      border: 1px solid var(--border-light);\r\n      border-radius: 4px;\r\n      padding: 2rem;\r\n      width: 100%;\r\n      max-width: 560px;\r\n      position: relative;\r\n    }\r\n    .modal-header {\r\n      display: flex;\r\n      align-items: center;\r\n      justify-content: space-between;\r\n      margin-bottom: 1.5rem;\r\n      padding-bottom: 1rem;\r\n      border-bottom: 1px solid var(--border);\r\n    }\r\n    .modal-title {\r\n      font-family: var(--mono);\r\n      font-size: 12px;\r\n      color: var(--accent);\r\n      letter-spacing: 0.08em;\r\n      text-transform: uppercase;\r\n    }\r\n    .modal-close {\r\n      background: none;\r\n      border: none;\r\n      color: var(--text-muted);\r\n      cursor: pointer;\r\n      font-size: 18px;\r\n      line-height: 1;\r\n      padding: 4px;\r\n    }\r\n    .modal-close:hover { color: var(--text); }\r\n    .detail-row {\r\n      margin-bottom: 1.25rem;\r\n    }\r\n    .detail-label {\r\n      font-family: var(--mono);\r\n      font-size: 10px;\r\n      color: var(--text-muted);\r\n      letter-spacing: 0.1em;\r\n      text-transform: uppercase;\r\n      margin-bottom: 4px;\r\n    }\r\n    .detail-value {\r\n      font-size: 14px;\r\n      color: var(--text);\r\n      line-height: 1.6;\r\n      word-break: break-all;\r\n    }\r\n    .detail-value.mono {\r\n      font-family: var(--mono);\r\n      font-size: 13px;\r\n      color: var(--accent);\r\n    }\r\n    .detail-message {\r\n      background: var(--bg);\r\n      border: 1px solid var(--border);\r\n      border-radius: 2px;\r\n      padding: 12px;\r\n      font-size: 13px;\r\n      color: var(--text);\r\n      line-height: 1.7;\r\n      white-space: pre-wrap;\r\n      word-break: break-all;\r\n    }\r\n\r\n    /* Loading spinner */\r\n    .spinner {\r\n      display: inline-block;\r\n      width: 14px; height: 14px;\r\n      border: 2px solid var(--border-light);\r\n      border-top-color: var(--accent);\r\n      border-radius: 50%;\r\n      animation: spin 0.6s linear infinite;\r\n      margin-right: 8px;\r\n      vertical-align: middle;\r\n    }\r\n    @keyframes spin { to { transform: rotate(360deg); } }\r\n\r\n    @media (max-width: 768px) {\r\n      .stats { grid-template-columns: 1fr; }\r\n      .container { padding: 1rem; }\r\n      th:nth-child(1), td:nth-child(1),\r\n      th:nth-child(4), td:nth-child(4) { display: none; }\r\n    }\r\n  \u003c/style\u003e\r\n\u003c/head\u003e\r\n\u003cbody\u003e\r\n\r\n\u003cheader\u003e\r\n  \u003cdiv class=\"logo\"\u003eADMIN / お問い合わせ管理\u003c/div\u003e\r\n  \u003cdiv class=\"header-right\"\u003e\r\n    \u003cdiv class=\"status-dot\"\u003e\u003c/div\u003e\r\n    \u003cspan class=\"status-text\" id=\"header-status\"\u003e--\u003c/span\u003e\r\n    \u003cbutton class=\"btn-refresh\" id=\"logout-btn\" style=\"display:none;\" onclick=\"logout()\"\u003eLOGOUT\u003c/button\u003e\r\n  \u003c/div\u003e\r\n\u003c/header\u003e\r\n\r\n\u003c!-- Login --\u003e\r\n\u003cdiv id=\"login-screen\"\u003e\r\n  \u003cdiv class=\"login-card\"\u003e\r\n    \u003ch2\u003eADMIN ACCESS\u003c/h2\u003e\r\n    \u003cp\u003e管理者パスワードを入力してください\u003c/p\u003e\r\n    \u003cdiv class=\"field\"\u003e\r\n      \u003clabel\u003ePassword\u003c/label\u003e\r\n      \u003cinput type=\"password\" id=\"password\" placeholder=\"••••••••\" onkeydown=\"if(event.key==='Enter')login()\"\u003e\r\n    \u003c/div\u003e\r\n    \u003cbutton class=\"btn-login\" onclick=\"login()\"\u003eログイン\u003c/button\u003e\r\n    \u003cdiv id=\"login-error\" class=\"login-error\"\u003e※ パスワードが正しくありません\u003c/div\u003e\r\n  \u003c/div\u003e\r\n\u003c/div\u003e\r\n\r\n\u003c!-- Dashboard --\u003e\r\n\u003cdiv id=\"dashboard\"\u003e\r\n  \u003cdiv class=\"container\"\u003e\r\n    \u003cdiv class=\"stats\"\u003e\r\n      \u003cdiv class=\"stat\"\u003e\r\n        \u003cdiv class=\"stat-label\"\u003eTotal\u003c/div\u003e\r\n        \u003cdiv class=\"stat-value\" id=\"stat-total\"\u003e—\u003c/div\u003e\r\n      \u003c/div\u003e\r\n      \u003cdiv class=\"stat\"\u003e\r\n        \u003cdiv class=\"stat-label\"\u003eToday\u003c/div\u003e\r\n        \u003cdiv class=\"stat-value\" id=\"stat-today\"\u003e—\u003c/div\u003e\r\n      \u003c/div\u003e\r\n      \u003cdiv class=\"stat\"\u003e\r\n        \u003cdiv class=\"stat-label\"\u003eLast Updated\u003c/div\u003e\r\n        \u003cdiv class=\"stat-value\" style=\"font-size:16px; padding-top:6px;\" id=\"stat-updated\"\u003e—\u003c/div\u003e\r\n      \u003c/div\u003e\r\n    \u003c/div\u003e\r\n\r\n    \u003cdiv class=\"toolbar\"\u003e\r\n      \u003cdiv class=\"toolbar-left\"\u003e\r\n        \u003cspan class=\"section-title\"\u003eINQUIRIES\u003c/span\u003e\r\n      \u003c/div\u003e\r\n      \u003cdiv style=\"display:flex; gap:0.75rem; align-items:center;\"\u003e\r\n        \u003cinput type=\"text\" class=\"search-input\" id=\"search\" placeholder=\"名前・メールで検索...\" oninput=\"filterTable()\"\u003e\r\n        \u003cbutton class=\"btn-refresh\" onclick=\"loadData()\"\u003e↻ REFRESH\u003c/button\u003e\r\n      \u003c/div\u003e\r\n    \u003c/div\u003e\r\n\r\n    \u003cdiv class=\"table-wrap\"\u003e\r\n      \u003ctable\u003e\r\n        \u003cthead\u003e\r\n          \u003ctr\u003e\r\n            \u003cth\u003eID\u003c/th\u003e\r\n            \u003cth\u003e名前\u003c/th\u003e\r\n            \u003cth\u003eメールアドレス\u003c/th\u003e\r\n            \u003cth\u003e件名\u003c/th\u003e\r\n            \u003cth\u003e内容\u003c/th\u003e\r\n            \u003cth\u003e送信日時\u003c/th\u003e\r\n          \u003c/tr\u003e\r\n        \u003c/thead\u003e\r\n        \u003ctbody id=\"table-body\"\u003e\r\n          \u003ctr class=\"empty-row\"\u003e\u003ctd colspan=\"6\"\u003e\u003cspan class=\"spinner\"\u003e\u003c/span\u003e読み込み中...\u003c/td\u003e\u003c/tr\u003e\r\n        \u003c/tbody\u003e\r\n      \u003c/table\u003e\r\n    \u003c/div\u003e\r\n  \u003c/div\u003e\r\n\u003c/div\u003e\r\n\r\n\u003c!-- Modal --\u003e\r\n\u003cdiv class=\"modal-overlay\" id=\"modal\" onclick=\"closeModal(event)\"\u003e\r\n  \u003cdiv class=\"modal\"\u003e\r\n    \u003cdiv class=\"modal-header\"\u003e\r\n      \u003cspan class=\"modal-title\"\u003eDETAIL\u003c/span\u003e\r\n      \u003cbutton class=\"modal-close\" onclick=\"closeModalDirect()\"\u003e×\u003c/button\u003e\r\n    \u003c/div\u003e\r\n    \u003cdiv id=\"modal-content\"\u003e\u003c/div\u003e\r\n  \u003c/div\u003e\r\n\u003c/div\u003e\r\n\r\n\u003cscript\u003e\r\n  const API = \"https://9tv2kbxpih.execute-api.us-east-1.amazonaws.com/prod/contact\";\r\n  const ADMIN_PASSWORD = 'admin1234'; // ← パスワードを変更してください\r\n  let allData = [];\r\n\r\n  function login() {\r\n    const pw = document.getElementById('password').value;\r\n    if (pw === ADMIN_PASSWORD) {\r\n      document.getElementById('login-screen').style.display = 'none';\r\n      document.getElementById('dashboard').style.display = 'block';\r\n      document.getElementById('logout-btn').style.display = 'block';\r\n      loadData();\r\n    } else {\r\n      document.getElementById('login-error').style.display = 'block';\r\n    }\r\n  }\r\n\r\n  function logout() {\r\n    document.getElementById('login-screen').style.display = 'flex';\r\n    document.getElementById('dashboard').style.display = 'none';\r\n    document.getElementById('logout-btn').style.display = 'none';\r\n    document.getElementById('password').value = '';\r\n    document.getElementById('login-error').style.display = 'none';\r\n  }\r\n\r\n  async function loadData() {\r\n    const tbody = document.getElementById('table-body');\r\n    tbody.innerHTML = '\u003ctr class=\"empty-row\"\u003e\u003ctd colspan=\"6\"\u003e\u003cspan class=\"spinner\"\u003e\u003c/span\u003e読み込み中...\u003c/td\u003e\u003c/tr\u003e';\r\n    document.getElementById('header-status').textContent = 'loading...';\r\n\r\n    try {\r\n      const res = await fetch(API);\r\n      if (!res.ok) throw new Error('API error: ' + res.status);\r\n      allData = await res.json();\r\n      renderTable(allData);\r\n\r\n      const today = new Date().toDateString();\r\n      const todayCount = allData.filter(d =\u003e new Date(d.timestamp).toDateString() === today).length;\r\n      document.getElementById('stat-total').textContent = allData.length;\r\n      document.getElementById('stat-today').textContent = todayCount;\r\n      document.getElementById('stat-updated').textContent = new Date().toLocaleTimeString('ja-JP');\r\n      document.getElementById('header-status').textContent = allData.length + ' records';\r\n    } catch (e) {\r\n      tbody.innerHTML = '\u003ctr class=\"empty-row\"\u003e\u003ctd colspan=\"6\"\u003eデータの取得に失敗しました: ' + e.message + '\u003c/td\u003e\u003c/tr\u003e';\r\n      document.getElementById('header-status').textContent = 'error';\r\n    }\r\n  }\r\n\r\n  function renderTable(data) {\r\n    const tbody = document.getElementById('table-body');\r\n    if (data.length === 0) {\r\n      tbody.innerHTML = '\u003ctr class=\"empty-row\"\u003e\u003ctd colspan=\"6\"\u003eデータがありません\u003c/td\u003e\u003c/tr\u003e';\r\n      return;\r\n    }\r\n    tbody.innerHTML = data.map(item =\u003e `\r\n\u003ctr onclick=\"showDetail('${item.id}')\"\u003e\r\n  \u003ctd class=\"td-id\"\u003e${item.id ? item.id.substring(0, 8) + '...' : '—'}\u003c/td\u003e\r\n  \u003ctd class=\"td-name\"\u003e${escape(item.name || '—')}\u003c/td\u003e\r\n  \u003ctd class=\"td-email\"\u003e${escape(item.email || '—')}\u003c/td\u003e\r\n  \u003ctd class=\"td-subject\"\u003e${escape(item.subject || '—')}\u003c/td\u003e\r\n  \u003ctd class=\"td-message\"\u003e${escape(item.message || '—')}\u003c/td\u003e\r\n  \u003ctd class=\"td-time\"\u003e${formatDate(item.timestamp)}\u003c/td\u003e\r\n\u003c/tr\u003e\r\n    `).join('');\r\n  }\r\n\r\n  function filterTable() {\r\n    const q = document.getElementById('search').value.toLowerCase();\r\n    if (!q) { renderTable(allData); return; }\r\n    const filtered = allData.filter(d =\u003e\r\n      (d.name || '').toLowerCase().includes(q) ||\r\n      (d.email || '').toLowerCase().includes(q) ||\r\n      (d.subject || '').toLowerCase().includes(q)\r\n    );\r\n    renderTable(filtered);\r\n  }\r\n\r\n  function showDetail(id) {\r\n    const item = allData.find(d =\u003e d.id === id);\r\n    if (!item) return;\r\n    document.getElementById('modal-content').innerHTML = `\r\n      \u003cdiv class=\"detail-row\"\u003e\r\n        \u003cdiv class=\"detail-label\"\u003eID\u003c/div\u003e\r\n        \u003cdiv class=\"detail-value mono\"\u003e${escape(item.id || '—')}\u003c/div\u003e\r\n      \u003c/div\u003e\r\n      \u003cdiv class=\"detail-row\"\u003e\r\n        \u003cdiv class=\"detail-label\"\u003e送信日時\u003c/div\u003e\r\n        \u003cdiv class=\"detail-value\"\u003e${formatDateFull(item.timestamp)}\u003c/div\u003e\r\n      \u003c/div\u003e\r\n      \u003cdiv class=\"detail-row\"\u003e\r\n        \u003cdiv class=\"detail-label\"\u003eお名前\u003c/div\u003e\r\n        \u003cdiv class=\"detail-value\"\u003e${escape(item.name || '—')}\u003c/div\u003e\r\n      \u003c/div\u003e\r\n      \u003cdiv class=\"detail-row\"\u003e\r\n        \u003cdiv class=\"detail-label\"\u003eメールアドレス\u003c/div\u003e\r\n        \u003cdiv class=\"detail-value mono\"\u003e${escape(item.email || '—')}\u003c/div\u003e\r\n      \u003c/div\u003e\r\n      \u003cdiv class=\"detail-row\"\u003e\r\n        \u003cdiv class=\"detail-label\"\u003e件名\u003c/div\u003e\r\n        \u003cdiv class=\"detail-value\"\u003e${escape(item.subject || '件名なし')}\u003c/div\u003e\r\n      \u003c/div\u003e\r\n      \u003cdiv class=\"detail-row\"\u003e\r\n        \u003cdiv class=\"detail-label\"\u003eお問い合わせ内容\u003c/div\u003e\r\n        \u003cdiv class=\"detail-message\"\u003e${escape(item.message || '—')}\u003c/div\u003e\r\n      \u003c/div\u003e\r\n    `;\r\n    document.getElementById('modal').classList.add('open');\r\n  }\r\n\r\n  function closeModal(e) {\r\n    if (e.target === document.getElementById('modal')) closeModalDirect();\r\n  }\r\n  function closeModalDirect() {\r\n    document.getElementById('modal').classList.remove('open');\r\n  }\r\n\r\n  function escape(str) {\r\n    return String(str)\r\n      .replace(/\u0026/g, '\u0026amp;')\r\n      .replace(/\u003c/g, '\u0026lt;')\r\n      .replace(/\u003e/g, '\u0026gt;')\r\n      .replace(/\"/g, '\u0026quot;');\r\n  }\r\n\r\n  function formatDate(ts) {\r\n    if (!ts) return '—';\r\n    const d = new Date(ts);\r\n    return d.toLocaleDateString('ja-JP') + ' ' + d.toLocaleTimeString('ja-JP', {hour:'2-digit', minute:'2-digit'});\r\n  }\r\n\r\n  function formatDateFull(ts) {\r\n    if (!ts) return '—';\r\n    return new Date(ts).toLocaleString('ja-JP');\r\n  }\r\n\u003c/script\u003e\r\n\u003c/body\u003e\r\n\u003c/html\u003e\r\n",
            "content_base64": null,
            "content_disposition": "",
            "content_encoding": "",
            "content_language": "",
            "content_type": "text/html",
            "etag": "ddb0f2e599961c7e5942b570f0d2ec5c",
            "force_destroy": false,
            "id": "admin.html",
            "key": "admin.html",
            "kms_key_id": null,
            "metadata": null,
            "object_lock_legal_hold_status": "",
            "object_lock_mode": "",
            "object_lock_retain_until_date": "",
            "override_provider": [],
            "server_side_encryption": "AES256",
            "source": null,
            "source_hash": null,
            "storage_class": "STANDARD",
            "tags": null,
            "tags_all": {},
            "version_id": "jtQp0U8gdbLJVhYWFKD2sxhrMspXk.Xs",
            "website_redirect": ""
          },
          "sensitive_attributes": [],
          "identity_schema_version": 0,
          "private": "bnVsbA==",
          "dependencies": [
            "aws_api_gateway_deployment.contact_api_deployment",
            "aws_api_gateway_integration.contact_get_integration",
            "aws_api_gateway_integration.contact_options_integration",
            "aws_api_gateway_integration.contact_post_integration",
            "aws_api_gateway_method.contact_get",
            "aws_api_gateway_method.contact_options",
            "aws_api_gateway_method.contact_post",
            "aws_api_gateway_resource.contact_resource",
            "aws_api_gateway_rest_api.contact_api",
            "aws_api_gateway_stage.prod",
            "aws_dynamodb_table.contact_table",
            "aws_iam_role.lambda_role",
            "aws_lambda_function.contact_function",
            "aws_s3_bucket.site_bucket",
            "data.archive_file.lambda_zip",
            "data.aws_iam_policy_document.lambda_assume_role"
          ]
        }
      ]
    },
    {
      "mode": "managed",
      "type": "aws_s3_object",
      "name": "contact_form_html",
      "provider": "provider[\"registry.terraform.io/hashicorp/aws\"]",
      "instances": [
        {
          "schema_version": 0,
          "attributes": {
            "acl": null,
            "arn": "arn:aws:s3:::20260412-aws-s3-test1/contact_form.html",
            "bucket": "20260412-aws-s3-test1",
            "bucket_key_enabled": false,
            "cache_control": "",
            "checksum_algorithm": null,
            "checksum_crc32": "",
            "checksum_crc32c": "",
            "checksum_crc64nvme": "",
            "checksum_sha1": "",
            "checksum_sha256": "",
            "content": "\u003c!DOCTYPE html\u003e\r\n\u003chtml lang=\"ja\"\u003e\r\n\u003chead\u003e\r\n  \u003cmeta charset=\"UTF-8\"\u003e\r\n  \u003cmeta name=\"viewport\" content=\"width=device-width, initial-scale=1.0\"\u003e\r\n  \u003ctitle\u003eお問い合わせ\u003c/title\u003e\r\n  \u003cstyle\u003e\r\n    * { box-sizing: border-box; margin: 0; padding: 0; }\r\n    body {\r\n      font-family: -apple-system, BlinkMacSystemFont, 'Helvetica Neue', sans-serif;\r\n      background: #f5f5f5;\r\n      min-height: 100vh;\r\n      display: flex;\r\n      align-items: center;\r\n      justify-content: center;\r\n      padding: 2rem 1rem;\r\n    }\r\n    .card {\r\n      background: #fff;\r\n      border: 1px solid #e5e5e5;\r\n      border-radius: 12px;\r\n      padding: 2rem;\r\n      width: 100%;\r\n      max-width: 560px;\r\n    }\r\n    h2 {\r\n      font-size: 18px;\r\n      font-weight: 500;\r\n      color: #111;\r\n      margin-bottom: 0.25rem;\r\n    }\r\n    .subtitle {\r\n      font-size: 14px;\r\n      color: #666;\r\n      margin-bottom: 1.5rem;\r\n    }\r\n    label {\r\n      display: block;\r\n      font-size: 13px;\r\n      color: #555;\r\n      margin-bottom: 6px;\r\n    }\r\n    .required { color: #e53e3e; }\r\n    .field { margin-bottom: 1rem; }\r\n    input[type=\"text\"],\r\n    input[type=\"email\"],\r\n    textarea {\r\n      width: 100%;\r\n      padding: 8px 12px;\r\n      font-size: 14px;\r\n      border: 1px solid #ddd;\r\n      border-radius: 8px;\r\n      outline: none;\r\n      transition: border-color 0.15s;\r\n      font-family: inherit;\r\n    }\r\n    input:focus, textarea:focus { border-color: #888; }\r\n    textarea { resize: vertical; }\r\n    .char-count {\r\n      font-size: 12px;\r\n      color: #999;\r\n      text-align: right;\r\n      margin-top: 4px;\r\n    }\r\n    .char-count.over { color: #e53e3e; }\r\n    .error-msg {\r\n      display: none;\r\n      background: #fff5f5;\r\n      border: 1px solid #feb2b2;\r\n      border-radius: 8px;\r\n      padding: 10px 14px;\r\n      font-size: 13px;\r\n      color: #c53030;\r\n      margin-bottom: 1rem;\r\n    }\r\n    .btn-submit {\r\n      width: 100%;\r\n      padding: 10px;\r\n      font-size: 15px;\r\n      cursor: pointer;\r\n      background: #fff;\r\n      border: 1px solid #ccc;\r\n      border-radius: 8px;\r\n      transition: background 0.15s;\r\n      font-family: inherit;\r\n    }\r\n    .btn-submit:hover { background: #f5f5f5; }\r\n    .btn-submit:disabled { opacity: 0.6; cursor: not-allowed; }\r\n    .success-wrap {\r\n      display: none;\r\n      text-align: center;\r\n      padding: 2rem 0;\r\n    }\r\n    .success-icon {\r\n      width: 48px; height: 48px;\r\n      border-radius: 50%;\r\n      background: #f0fff4;\r\n      display: flex;\r\n      align-items: center;\r\n      justify-content: center;\r\n      margin: 0 auto 1rem;\r\n    }\r\n    .success-title {\r\n      font-size: 16px;\r\n      font-weight: 500;\r\n      color: #111;\r\n      margin-bottom: 0.5rem;\r\n    }\r\n    .success-body {\r\n      font-size: 14px;\r\n      color: #666;\r\n      margin-bottom: 1.5rem;\r\n      line-height: 1.6;\r\n    }\r\n    .btn-reset {\r\n      font-size: 13px;\r\n      cursor: pointer;\r\n      padding: 8px 20px;\r\n      background: #fff;\r\n      border: 1px solid #ccc;\r\n      border-radius: 8px;\r\n      font-family: inherit;\r\n    }\r\n    .btn-reset:hover { background: #f5f5f5; }\r\n  \u003c/style\u003e\r\n\u003c/head\u003e\r\n\u003cbody\u003e\r\n\u003cdiv class=\"card\"\u003e\r\n  \u003ch2\u003eお問い合わせ\u003c/h2\u003e\r\n  \u003cp class=\"subtitle\"\u003eご質問・ご意見はこちらからお送りください。\u003c/p\u003e\r\n\r\n  \u003cdiv id=\"form-body\"\u003e\r\n    \u003cdiv class=\"field\"\u003e\r\n      \u003clabel\u003eお名前 \u003cspan class=\"required\"\u003e*\u003c/span\u003e\u003c/label\u003e\r\n      \u003cinput type=\"text\" id=\"name\" placeholder=\"山田 太郎\"\u003e\r\n    \u003c/div\u003e\r\n    \u003cdiv class=\"field\"\u003e\r\n      \u003clabel\u003eメールアドレス \u003cspan class=\"required\"\u003e*\u003c/span\u003e\u003c/label\u003e\r\n      \u003cinput type=\"email\" id=\"email\" placeholder=\"taro@example.com\"\u003e\r\n    \u003c/div\u003e\r\n    \u003cdiv class=\"field\"\u003e\r\n      \u003clabel\u003e件名\u003c/label\u003e\r\n      \u003cinput type=\"text\" id=\"subject\" placeholder=\"お問い合わせの件名\"\u003e\r\n    \u003c/div\u003e\r\n    \u003cdiv class=\"field\" style=\"margin-bottom:1.5rem;\"\u003e\r\n      \u003clabel\u003eお問い合わせ内容 \u003cspan class=\"required\"\u003e*\u003c/span\u003e\u003c/label\u003e\r\n      \u003ctextarea id=\"message\" rows=\"5\" placeholder=\"ご質問・ご意見をご記入ください\"\u003e\u003c/textarea\u003e\r\n      \u003cdiv id=\"char-count\" class=\"char-count\"\u003e0 / 500文字\u003c/div\u003e\r\n    \u003c/div\u003e\r\n\r\n    \u003cdiv id=\"error-msg\" class=\"error-msg\"\u003e\u003c/div\u003e\r\n\r\n    \u003cbutton id=\"submit-btn\" class=\"btn-submit\" onclick=\"handleSubmit()\"\u003e送信する\u003c/button\u003e\r\n  \u003c/div\u003e\r\n\r\n  \u003cdiv id=\"success-msg\" class=\"success-wrap\"\u003e\r\n    \u003cdiv class=\"success-icon\"\u003e\r\n      \u003csvg width=\"22\" height=\"22\" viewBox=\"0 0 22 22\" fill=\"none\"\u003e\r\n        \u003cpath d=\"M5 11l4.5 4.5L17 7\" stroke=\"#38a169\" stroke-width=\"2\" stroke-linecap=\"round\" stroke-linejoin=\"round\"/\u003e\r\n      \u003c/svg\u003e\r\n    \u003c/div\u003e\r\n    \u003cp class=\"success-title\"\u003e送信が完了しました\u003c/p\u003e\r\n    \u003cp class=\"success-body\"\u003eお問い合わせありがとうございます。\u003cbr\u003e内容を確認次第、ご連絡いたします。\u003c/p\u003e\r\n    \u003cbutton onclick=\"resetForm()\" class=\"btn-reset\"\u003e新しいお問い合わせ\u003c/button\u003e\r\n  \u003c/div\u003e\r\n\u003c/div\u003e\r\n\r\n\u003cscript\u003e\r\n  const API_ENDPOINT = \"https://9tv2kbxpih.execute-api.us-east-1.amazonaws.com/prod/contact\";\r\n  const MAX = 500;\r\n  const msgEl = document.getElementById('message');\r\n  const countEl = document.getElementById('char-count');\r\n\r\n  msgEl.addEventListener('input', () =\u003e {\r\n    const len = msgEl.value.length;\r\n    countEl.textContent = len + ' / ' + MAX + '文字';\r\n    countEl.className = 'char-count' + (len \u003e MAX ? ' over' : '');\r\n  });\r\n\r\n  async function handleSubmit() {\r\n    const name = document.getElementById('name').value.trim();\r\n    const email = document.getElementById('email').value.trim();\r\n    const subject = document.getElementById('subject').value.trim();\r\n    const message = document.getElementById('message').value.trim();\r\n    const errEl = document.getElementById('error-msg');\r\n    const btn = document.getElementById('submit-btn');\r\n\r\n    errEl.style.display = 'none';\r\n\r\n    if (!name || !email || !message) {\r\n      errEl.textContent = '※ お名前・メールアドレス・お問い合わせ内容は必須項目です。';\r\n      errEl.style.display = 'block';\r\n      return;\r\n    }\r\n    if (!/^[^\\s@]+@[^\\s@]+\\.[^\\s@]+$/.test(email)) {\r\n      errEl.textContent = '※ 正しいメールアドレスを入力してください。';\r\n      errEl.style.display = 'block';\r\n      return;\r\n    }\r\n    if (message.length \u003e MAX) {\r\n      errEl.textContent = '※ お問い合わせ内容は' + MAX + '文字以内で入力してください。';\r\n      errEl.style.display = 'block';\r\n      return;\r\n    }\r\n\r\n    btn.disabled = true;\r\n    btn.textContent = '送信中...';\r\n\r\n    try {\r\n      const res = await fetch(API_ENDPOINT, {\r\n        method: 'POST',\r\n        headers: { 'Content-Type': 'application/json' },\r\n        body: JSON.stringify({ name, email, subject, message })\r\n      });\r\n\r\n      if (!res.ok) throw new Error('API error: ' + res.status);\r\n\r\n      document.getElementById('form-body').style.display = 'none';\r\n      document.getElementById('success-msg').style.display = 'block';\r\n    } catch (e) {\r\n      errEl.textContent = '※ 送信に失敗しました。しばらくしてから再度お試しください。';\r\n      errEl.style.display = 'block';\r\n      btn.disabled = false;\r\n      btn.textContent = '送信する';\r\n    }\r\n  }\r\n\r\n  function resetForm() {\r\n    ['name', 'email', 'subject', 'message'].forEach(id =\u003e {\r\n      document.getElementById(id).value = '';\r\n    });\r\n    countEl.textContent = '0 / ' + MAX + '文字';\r\n    countEl.className = 'char-count';\r\n    document.getElementById('error-msg').style.display = 'none';\r\n    document.getElementById('form-body').style.display = 'block';\r\n    document.getElementById('success-msg').style.display = 'none';\r\n    document.getElementById('submit-btn').disabled = false;\r\n    document.getElementById('submit-btn').textContent = '送信する';\r\n  }\r\n\u003c/script\u003e\r\n\u003c/body\u003e\r\n\u003c/html\u003e\r\n",
            "content_base64": null,
            "content_disposition": "",
            "content_encoding": "",
            "content_language": "",
            "content_type": "text/html",
            "etag": "9e1801fbede83635326c4c077d719610",
            "force_destroy": false,
            "id": "contact_form.html",
            "key": "contact_form.html",
            "kms_key_id": null,
            "metadata": null,
            "object_lock_legal_hold_status": "",
            "object_lock_mode": "",
            "object_lock_retain_until_date": "",
            "override_provider": [],
            "server_side_encryption": "AES256",
            "source": null,
            "source_hash": null,
            "storage_class": "STANDARD",
            "tags": null,
            "tags_all": {},
            "version_id": "rr278E3783PPHeq3dVFzjnMd2ISQwIyl",
            "website_redirect": ""
          },
          "sensitive_attributes": [],
          "identity_schema_version": 0,
          "private": "bnVsbA==",
          "dependencies": [
            "aws_api_gateway_deployment.contact_api_deployment",
            "aws_api_gateway_integration.contact_get_integration",
            "aws_api_gateway_integration.contact_options_integration",
            "aws_api_gateway_integration.contact_post_integration",
            "aws_api_gateway_method.contact_get",
            "aws_api_gateway_method.contact_options",
            "aws_api_gateway_method.contact_post",
            "aws_api_gateway_resource.contact_resource",
            "aws_api_gateway_rest_api.contact_api",
            "aws_api_gateway_stage.prod",
            "aws_dynamodb_table.contact_table",
            "aws_iam_role.lambda_role",
            "aws_lambda_function.contact_function",
            "aws_s3_bucket.site_bucket",
            "data.archive_file.lambda_zip",
            "data.aws_iam_policy_document.lambda_assume_role"
          ]
        }
      ]
    },
    {
      "mode": "managed",
      "type": "aws_ses_email_identity",
      "name": "from_email",
      "provider": "provider[\"registry.terraform.io/hashicorp/aws\"]",
      "instances": [
        {
          "schema_version": 0,
          "attributes": {
            "arn": "arn:aws:ses:us-east-1:047719616654:identity/2026awstest@gmail.com",
            "email": "2026awstest@gmail.com",
            "id": "2026awstest@gmail.com"
          },
          "sensitive_attributes": [],
          "identity_schema_version": 0,
          "private": "bnVsbA=="
        }
      ]
    },
    {
      "mode": "managed",
      "type": "aws_ses_email_identity",
      "name": "operator_email",
      "provider": "provider[\"registry.terraform.io/hashicorp/aws\"]",
      "instances": [
        {
          "schema_version": 0,
          "attributes": {
            "arn": "arn:aws:ses:us-east-1:047719616654:identity/kazuhiro19851013@hotmail.com",
            "email": "kazuhiro19851013@hotmail.com",
            "id": "kazuhiro19851013@hotmail.com"
          },
          "sensitive_attributes": [],
          "identity_schema_version": 0,
          "private": "bnVsbA=="
        }
      ]
    }
  ],
  "check_results": null
}
